// !$*UTF8*$!
{
	archiveVersion = 1;
	classes = {
	};
	objectVersion = 46;
	objects = {

/* Begin PBXBuildFile section */
		0275664D1D8406F20058CA54 /* AppDelegate.swift in Sources */ = {isa = PBXBuildFile; fileRef = 0275664C1D8406F20058CA54 /* AppDelegate.swift */; };
		0275664F1D8406F20058CA54 /* ViewController.swift in Sources */ = {isa = PBXBuildFile; fileRef = 0275664E1D8406F20058CA54 /* ViewController.swift */; };
		027566521D8406F20058CA54 /* Main.storyboard in Resources */ = {isa = PBXBuildFile; fileRef = 027566501D8406F20058CA54 /* Main.storyboard */; };
		027566541D8406F20058CA54 /* Assets.xcassets in Resources */ = {isa = PBXBuildFile; fileRef = 027566531D8406F20058CA54 /* Assets.xcassets */; };
		027566571D8406F20058CA54 /* LaunchScreen.storyboard in Resources */ = {isa = PBXBuildFile; fileRef = 027566551D8406F20058CA54 /* LaunchScreen.storyboard */; };
		027566621D8406F20058CA54 /* StrikeTests.swift in Sources */ = {isa = PBXBuildFile; fileRef = 027566611D8406F20058CA54 /* StrikeTests.swift */; };
		0275666D1D8406F20058CA54 /* StrikeUITests.swift in Sources */ = {isa = PBXBuildFile; fileRef = 0275666C1D8406F20058CA54 /* StrikeUITests.swift */; };
/* End PBXBuildFile section */

/* Begin PBXContainerItemProxy section */
		0275665E1D8406F20058CA54 /* PBXContainerItemProxy */ = {
			isa = PBXContainerItemProxy;
			containerPortal = 027566411D8406F20058CA54 /* Project object */;
			proxyType = 1;
			remoteGlobalIDString = 027566481D8406F20058CA54;
			remoteInfo = Strike;
		};
		027566691D8406F20058CA54 /* PBXContainerItemProxy */ = {
			isa = PBXContainerItemProxy;
			containerPortal = 027566411D8406F20058CA54 /* Project object */;
			proxyType = 1;
			remoteGlobalIDString = 027566481D8406F20058CA54;
			remoteInfo = Strike;
		};
/* End PBXContainerItemProxy section */

/* Begin PBXFileReference section */
		027566491D8406F20058CA54 /* Strike.app */ = {isa = PBXFileReference; explicitFileType = wrapper.application; includeInIndex = 0; path = Strike.app; sourceTree = BUILT_PRODUCTS_DIR; };
		0275664C1D8406F20058CA54 /* AppDelegate.swift */ = {isa = PBXFileReference; lastKnownFileType = sourcecode.swift; path = AppDelegate.swift; sourceTree = "<group>"; };
		0275664E1D8406F20058CA54 /* ViewController.swift */ = {isa = PBXFileReference; lastKnownFileType = sourcecode.swift; path = ViewController.swift; sourceTree = "<group>"; };
		027566511D8406F20058CA54 /* Base */ = {isa = PBXFileReference; lastKnownFileType = file.storyboard; name = Base; path = Base.lproj/Main.storyboard; sourceTree = "<group>"; };
		027566531D8406F20058CA54 /* Assets.xcassets */ = {isa = PBXFileReference; lastKnownFileType = folder.assetcatalog; path = Assets.xcassets; sourceTree = "<group>"; };
		027566561D8406F20058CA54 /* Base */ = {isa = PBXFileReference; lastKnownFileType = file.storyboard; name = Base; path = Base.lproj/LaunchScreen.storyboard; sourceTree = "<group>"; };
		027566581D8406F20058CA54 /* Info.plist */ = {isa = PBXFileReference; lastKnownFileType = text.plist.xml; path = Info.plist; sourceTree = "<group>"; };
		0275665D1D8406F20058CA54 /* StrikeTests.xctest */ = {isa = PBXFileReference; explicitFileType = wrapper.cfbundle; includeInIndex = 0; path = StrikeTests.xctest; sourceTree = BUILT_PRODUCTS_DIR; };
		027566611D8406F20058CA54 /* StrikeTests.swift */ = {isa = PBXFileReference; lastKnownFileType = sourcecode.swift; path = StrikeTests.swift; sourceTree = "<group>"; };
		027566631D8406F20058CA54 /* Info.plist */ = {isa = PBXFileReference; lastKnownFileType = text.plist.xml; path = Info.plist; sourceTree = "<group>"; };
		027566681D8406F20058CA54 /* StrikeUITests.xctest */ = {isa = PBXFileReference; explicitFileType = wrapper.cfbundle; includeInIndex = 0; path = StrikeUITests.xctest; sourceTree = BUILT_PRODUCTS_DIR; };
		0275666C1D8406F20058CA54 /* StrikeUITests.swift */ = {isa = PBXFileReference; lastKnownFileType = sourcecode.swift; path = StrikeUITests.swift; sourceTree = "<group>"; };
		0275666E1D8406F20058CA54 /* Info.plist */ = {isa = PBXFileReference; lastKnownFileType = text.plist.xml; path = Info.plist; sourceTree = "<group>"; };
/* End PBXFileReference section */

/* Begin PBXFrameworksBuildPhase section */
		027566461D8406F20058CA54 /* Frameworks */ = {
			isa = PBXFrameworksBuildPhase;
			buildActionMask = 2147483647;
			files = (
			);
			runOnlyForDeploymentPostprocessing = 0;
		};
		0275665A1D8406F20058CA54 /* Frameworks */ = {
			isa = PBXFrameworksBuildPhase;
			buildActionMask = 2147483647;
			files = (
			);
			runOnlyForDeploymentPostprocessing = 0;
		};
		027566651D8406F20058CA54 /* Frameworks */ = {
			isa = PBXFrameworksBuildPhase;
			buildActionMask = 2147483647;
			files = (
			);
			runOnlyForDeploymentPostprocessing = 0;
		};
/* End PBXFrameworksBuildPhase section */

/* Begin PBXGroup section */
		027566401D8406F20058CA54 = {
			isa = PBXGroup;
			children = (
				0275664B1D8406F20058CA54 /* Strike */,
				027566601D8406F20058CA54 /* StrikeTests */,
				0275666B1D8406F20058CA54 /* StrikeUITests */,
				0275664A1D8406F20058CA54 /* Products */,
			);
			sourceTree = "<group>";
		};
		0275664A1D8406F20058CA54 /* Products */ = {
			isa = PBXGroup;
			children = (
				027566491D8406F20058CA54 /* Strike.app */,
				0275665D1D8406F20058CA54 /* StrikeTests.xctest */,
				027566681D8406F20058CA54 /* StrikeUITests.xctest */,
			);
			name = Products;
			sourceTree = "<group>";
		};
		0275664B1D8406F20058CA54 /* Strike */ = {
			isa = PBXGroup;
			children = (
				0275664C1D8406F20058CA54 /* AppDelegate.swift */,
				0275664E1D8406F20058CA54 /* ViewController.swift */,
				027566501D8406F20058CA54 /* Main.storyboard */,
				027566531D8406F20058CA54 /* Assets.xcassets */,
				027566551D8406F20058CA54 /* LaunchScreen.storyboard */,
				027566581D8406F20058CA54 /* Info.plist */,
			);
			path = Strike;
			sourceTree = "<group>";
		};
		027566601D8406F20058CA54 /* StrikeTests */ = {
			isa = PBXGroup;
			children = (
				027566611D8406F20058CA54 /* StrikeTests.swift */,
				027566631D8406F20058CA54 /* Info.plist */,
			);
			path = StrikeTests;
			sourceTree = "<group>";
		};
		0275666B1D8406F20058CA54 /* StrikeUITests */ = {
			isa = PBXGroup;
			children = (
				0275666C1D8406F20058CA54 /* StrikeUITests.swift */,
				0275666E1D8406F20058CA54 /* Info.plist */,
			);
			path = StrikeUITests;
			sourceTree = "<group>";
		};
/* End PBXGroup section */

/* Begin PBXNativeTarget section */
		027566481D8406F20058CA54 /* Strike */ = {
			isa = PBXNativeTarget;
			buildConfigurationList = 027566711D8406F20058CA54 /* Build configuration list for PBXNativeTarget "Strike" */;
			buildPhases = (
				027566451D8406F20058CA54 /* Sources */,
				027566461D8406F20058CA54 /* Frameworks */,
				027566471D8406F20058CA54 /* Resources */,
			);
			buildRules = (
			);
			dependencies = (
			);
			name = Strike;
			productName = Strike;
			productReference = 027566491D8406F20058CA54 /* Strike.app */;
			productType = "com.apple.product-type.application";
		};
		0275665C1D8406F20058CA54 /* StrikeTests */ = {
			isa = PBXNativeTarget;
			buildConfigurationList = 027566741D8406F20058CA54 /* Build configuration list for PBXNativeTarget "StrikeTests" */;
			buildPhases = (
				027566591D8406F20058CA54 /* Sources */,
				0275665A1D8406F20058CA54 /* Frameworks */,
				0275665B1D8406F20058CA54 /* Resources */,
			);
			buildRules = (
			);
			dependencies = (
				0275665F1D8406F20058CA54 /* PBXTargetDependency */,
			);
			name = StrikeTests;
			productName = StrikeTests;
			productReference = 0275665D1D8406F20058CA54 /* StrikeTests.xctest */;
			productType = "com.apple.product-type.bundle.unit-test";
		};
		027566671D8406F20058CA54 /* StrikeUITests */ = {
			isa = PBXNativeTarget;
			buildConfigurationList = 027566771D8406F20058CA54 /* Build configuration list for PBXNativeTarget "StrikeUITests" */;
			buildPhases = (
				027566641D8406F20058CA54 /* Sources */,
				027566651D8406F20058CA54 /* Frameworks */,
				027566661D8406F20058CA54 /* Resources */,
			);
			buildRules = (
			);
			dependencies = (
				0275666A1D8406F20058CA54 /* PBXTargetDependency */,
			);
			name = StrikeUITests;
			productName = StrikeUITests;
			productReference = 027566681D8406F20058CA54 /* StrikeUITests.xctest */;
			productType = "com.apple.product-type.bundle.ui-testing";
		};
/* End PBXNativeTarget section */

/* Begin PBXProject section */
		027566411D8406F20058CA54 /* Project object */ = {
			isa = PBXProject;
			attributes = {
				LastSwiftUpdateCheck = 0730;
				LastUpgradeCheck = 0730;
				ORGANIZATIONNAME = "Shanee Dahler";
				TargetAttributes = {
					027566481D8406F20058CA54 = {
						CreatedOnToolsVersion = 7.3.1;
					};
					0275665C1D8406F20058CA54 = {
						CreatedOnToolsVersion = 7.3.1;
						TestTargetID = 027566481D8406F20058CA54;
					};
					027566671D8406F20058CA54 = {
						CreatedOnToolsVersion = 7.3.1;
						TestTargetID = 027566481D8406F20058CA54;
					};
				};
			};
			buildConfigurationList = 027566441D8406F20058CA54 /* Build configuration list for PBXProject "Strike" */;
			compatibilityVersion = "Xcode 3.2";
			developmentRegion = English;
			hasScannedForEncodings = 0;
			knownRegions = (
				en,
				Base,
			);
			mainGroup = 027566401D8406F20058CA54;
			productRefGroup = 0275664A1D8406F20058CA54 /* Products */;
			projectDirPath = "";
			projectRoot = "";
			targets = (
				027566481D8406F20058CA54 /* Strike */,
				0275665C1D8406F20058CA54 /* StrikeTests */,
				027566671D8406F20058CA54 /* StrikeUITests */,
			);
		};
/* End PBXProject section */

/* Begin PBXResourcesBuildPhase section */
		027566471D8406F20058CA54 /* Resources */ = {
			isa = PBXResourcesBuildPhase;
			buildActionMask = 2147483647;
			files = (
				027566571D8406F20058CA54 /* LaunchScreen.storyboard in Resources */,
				027566541D8406F20058CA54 /* Assets.xcassets in Resources */,
				027566521D8406F20058CA54 /* Main.storyboard in Resources */,
			);
			runOnlyForDeploymentPostprocessing = 0;
		};
		0275665B1D8406F20058CA54 /* Resources */ = {
			isa = PBXResourcesBuildPhase;
			buildActionMask = 2147483647;
			files = (
			);
			runOnlyForDeploymentPostprocessing = 0;
		};
		027566661D8406F20058CA54 /* Resources */ = {
			isa = PBXResourcesBuildPhase;
			buildActionMask = 2147483647;
			files = (
			);
			runOnlyForDeploymentPostprocessing = 0;
		};
/* End PBXResourcesBuildPhase section */

/* Begin PBXSourcesBuildPhase section */
		027566451D8406F20058CA54 /* Sources */ = {
			isa = PBXSourcesBuildPhase;
			buildActionMask = 2147483647;
			files = (
				0275664F1D8406F20058CA54 /* ViewController.swift in Sources */,
				0275664D1D8406F20058CA54 /* AppDelegate.swift in Sources */,
			);
			runOnlyForDeploymentPostprocessing = 0;
		};
		027566591D8406F20058CA54 /* Sources */ = {
			isa = PBXSourcesBuildPhase;
			buildActionMask = 2147483647;
			files = (
				027566621D8406F20058CA54 /* StrikeTests.swift in Sources */,
			);
			runOnlyForDeploymentPostprocessing = 0;
		};
		027566641D8406F20058CA54 /* Sources */ = {
			isa = PBXSourcesBuildPhase;
			buildActionMask = 2147483647;
			files = (
				0275666D1D8406F20058CA54 /* StrikeUITests.swift in Sources */,
			);
			runOnlyForDeploymentPostprocessing = 0;
		};
/* End PBXSourcesBuildPhase section */

/* Begin PBXTargetDependency section */
		0275665F1D8406F20058CA54 /* PBXTargetDependency */ = {
			isa = PBXTargetDependency;
			target = 027566481D8406F20058CA54 /* Strike */;
			targetProxy = 0275665E1D8406F20058CA54 /* PBXContainerItemProxy */;
		};
		0275666A1D8406F20058CA54 /* PBXTargetDependency */ = {
			isa = PBXTargetDependency;
			target = 027566481D8406F20058CA54 /* Strike */;
			targetProxy = 027566691D8406F20058CA54 /* PBXContainerItemProxy */;
		};
/* End PBXTargetDependency section */

/* Begin PBXVariantGroup section */
		027566501D8406F20058CA54 /* Main.storyboard */ = {
			isa = PBXVariantGroup;
			children = (
				027566511D8406F20058CA54 /* Base */,
			);
			name = Main.storyboard;
			sourceTree = "<group>";
		};
		027566551D8406F20058CA54 /* LaunchScreen.storyboard */ = {
			isa = PBXVariantGroup;
			children = (
				027566561D8406F20058CA54 /* Base */,
			);
			name = LaunchScreen.storyboard;
			sourceTree = "<group>";
		};
/* End PBXVariantGroup section */

/* Begin XCBuildConfiguration section */
		0275666F1D8406F20058CA54 /* Debug */ = {
			isa = XCBuildConfiguration;
			buildSettings = {
				ALWAYS_SEARCH_USER_PATHS = NO;
				CLANG_ANALYZER_NONNULL = YES;
				CLANG_CXX_LANGUAGE_STANDARD = "gnu++0x";
				CLANG_CXX_LIBRARY = "libc++";
				CLANG_ENABLE_MODULES = YES;
				CLANG_ENABLE_OBJC_ARC = YES;
				CLANG_WARN_BOOL_CONVERSION = YES;
				CLANG_WARN_CONSTANT_CONVERSION = YES;
				CLANG_WARN_DIRECT_OBJC_ISA_USAGE = YES_ERROR;
				CLANG_WARN_EMPTY_BODY = YES;
				CLANG_WARN_ENUM_CONVERSION = YES;
				CLANG_WARN_INT_CONVERSION = YES;
				CLANG_WARN_OBJC_ROOT_CLASS = YES_ERROR;
				CLANG_WARN_UNREACHABLE_CODE = YES;
				CLANG_WARN__DUPLICATE_METHOD_MATCH = YES;
				"CODE_SIGN_IDENTITY[sdk=iphoneos*]" = "iPhone Developer";
				COPY_PHASE_STRIP = NO;
				DEBUG_INFORMATION_FORMAT = dwarf;
				ENABLE_STRICT_OBJC_MSGSEND = YES;
				ENABLE_TESTABILITY = YES;
				GCC_C_LANGUAGE_STANDARD = gnu99;
				GCC_DYNAMIC_NO_PIC = NO;
				GCC_NO_COMMON_BLOCKS = YES;
				GCC_OPTIMIZATION_LEVEL = 0;
				GCC_PREPROCESSOR_DEFINITIONS = (
					"DEBUG=1",
					"$(inherited)",
				);
				GCC_WARN_64_TO_32_BIT_CONVERSION = YES;
				GCC_WARN_ABOUT_RETURN_TYPE = YES_ERROR;
				GCC_WARN_UNDECLARED_SELECTOR = YES;
				GCC_WARN_UNINITIALIZED_AUTOS = YES_AGGRESSIVE;
				GCC_WARN_UNUSED_FUNCTION = YES;
				GCC_WARN_UNUSED_VARIABLE = YES;
				IPHONEOS_DEPLOYMENT_TARGET = 9.3;
				MTL_ENABLE_DEBUG_INFO = YES;
				ONLY_ACTIVE_ARCH = YES;
				SDKROOT = iphoneos;
				SWIFT_OPTIMIZATION_LEVEL = "-Onone";
				TARGETED_DEVICE_FAMILY = "1,2";
			};
			name = Debug;
		};
		027566701D8406F20058CA54 /* Release */ = {
			isa = XCBuildConfiguration;
			buildSettings = {
				ALWAYS_SEARCH_USER_PATHS = NO;
				CLANG_ANALYZER_NONNULL = YES;
				CLANG_CXX_LANGUAGE_STANDARD = "gnu++0x";
				CLANG_CXX_LIBRARY = "libc++";
				CLANG_ENABLE_MODULES = YES;
				CLANG_ENABLE_OBJC_ARC = YES;
				CLANG_WARN_BOOL_CONVERSION = YES;
				CLANG_WARN_CONSTANT_CONVERSION = YES;
				CLANG_WARN_DIRECT_OBJC_ISA_USAGE = YES_ERROR;
				CLANG_WARN_EMPTY_BODY = YES;
				CLANG_WARN_ENUM_CONVERSION = YES;
				CLANG_WARN_INT_CONVERSION = YES;
				CLANG_WARN_OBJC_ROOT_CLASS = YES_ERROR;
				CLANG_WARN_UNREACHABLE_CODE = YES;
				CLANG_WARN__DUPLICATE_METHOD_MATCH = YES;
				"CODE_SIGN_IDENTITY[sdk=iphoneos*]" = "iPhone Developer";
				COPY_PHASE_STRIP = NO;
				DEBUG_INFORMATION_FORMAT = "dwarf-with-dsym";
				ENABLE_NS_ASSERTIONS = NO;
				ENABLE_STRICT_OBJC_MSGSEND = YES;
				GCC_C_LANGUAGE_STANDARD = gnu99;
				GCC_NO_COMMON_BLOCKS = YES;
				GCC_WARN_64_TO_32_BIT_CONVERSION = YES;
				GCC_WARN_ABOUT_RETURN_TYPE = YES_ERROR;
				GCC_WARN_UNDECLARED_SELECTOR = YES;
				GCC_WARN_UNINITIALIZED_AUTOS = YES_AGGRESSIVE;
				GCC_WARN_UNUSED_FUNCTION = YES;
				GCC_WARN_UNUSED_VARIABLE = YES;
				IPHONEOS_DEPLOYMENT_TARGET = 9.3;
				MTL_ENABLE_DEBUG_INFO = NO;
				SDKROOT = iphoneos;
				TARGETED_DEVICE_FAMILY = "1,2";
				VALIDATE_PRODUCT = YES;
			};
			name = Release;
		};
		027566721D8406F20058CA54 /* Debug */ = {
			isa = XCBuildConfiguration;
			buildSettings = {
				ASSETCATALOG_COMPILER_APPICON_NAME = AppIcon;
				INFOPLIST_FILE = Strike/Info.plist;
				LD_RUNPATH_SEARCH_PATHS = "$(inherited) @executable_path/Frameworks";
				PRODUCT_BUNDLE_IDENTIFIER = CP2013.Strike;
				PRODUCT_NAME = "$(TARGET_NAME)";
			};
			name = Debug;
		};
		027566731D8406F20058CA54 /* Release */ = {
			isa = XCBuildConfiguration;
			buildSettings = {
				ASSETCATALOG_COMPILER_APPICON_NAME = AppIcon;
				INFOPLIST_FILE = Strike/Info.plist;
				LD_RUNPATH_SEARCH_PATHS = "$(inherited) @executable_path/Frameworks";
				PRODUCT_BUNDLE_IDENTIFIER = CP2013.Strike;
				PRODUCT_NAME = "$(TARGET_NAME)";
			};
			name = Release;
		};
		027566751D8406F20058CA54 /* Debug */ = {
			isa = XCBuildConfiguration;
			buildSettings = {
				BUNDLE_LOADER = "$(TEST_HOST)";
				INFOPLIST_FILE = StrikeTests/Info.plist;
				LD_RUNPATH_SEARCH_PATHS = "$(inherited) @executable_path/Frameworks @loader_path/Frameworks";
				PRODUCT_BUNDLE_IDENTIFIER = CP2013.StrikeTests;
				PRODUCT_NAME = "$(TARGET_NAME)";
				TEST_HOST = "$(BUILT_PRODUCTS_DIR)/Strike.app/Strike";
			};
			name = Debug;
		};
		027566761D8406F20058CA54 /* Release */ = {
			isa = XCBuildConfiguration;
			buildSettings = {
				BUNDLE_LOADER = "$(TEST_HOST)";
				INFOPLIST_FILE = StrikeTests/Info.plist;
				LD_RUNPATH_SEARCH_PATHS = "$(inherited) @executable_path/Frameworks @loader_path/Frameworks";
				PRODUCT_BUNDLE_IDENTIFIER = CP2013.StrikeTests;
				PRODUCT_NAME = "$(TARGET_NAME)";
				TEST_HOST = "$(BUILT_PRODUCTS_DIR)/Strike.app/Strike";
			};
			name = Release;
		};
		027566781D8406F20058CA54 /* Debug */ = {
			isa = XCBuildConfiguration;
			buildSettings = {
				INFOPLIST_FILE = StrikeUITests/Info.plist;
				LD_RUNPATH_SEARCH_PATHS = "$(inherited) @executable_path/Frameworks @loader_path/Frameworks";
				PRODUCT_BUNDLE_IDENTIFIER = CP2013.StrikeUITests;
				PRODUCT_NAME = "$(TARGET_NAME)";
				TEST_TARGET_NAME = Strike;
			};
			name = Debug;
		};
		027566791D8406F20058CA54 /* Release */ = {
			isa = XCBuildConfiguration;
			buildSettings = {
				INFOPLIST_FILE = StrikeUITests/Info.plist;
				LD_RUNPATH_SEARCH_PATHS = "$(inherited) @executable_path/Frameworks @loader_path/Frameworks";
				PRODUCT_BUNDLE_IDENTIFIER = CP2013.StrikeUITests;
				PRODUCT_NAME = "$(TARGET_NAME)";
				TEST_TARGET_NAME = Strike;
			};
			name = Release;
		};
/* End XCBuildConfiguration section */

/* Begin XCConfigurationList section */
		027566441D8406F20058CA54 /* Build configuration list for PBXProject "Strike" */ = {
			isa = XCConfigurationList;
			buildConfigurations = (
				0275666F1D8406F20058CA54 /* Debug */,
				027566701D8406F20058CA54 /* Release */,
			);
			defaultConfigurationIsVisible = 0;
			defaultConfigurationName = Release;
		};
		027566711D8406F20058CA54 /* Build configuration list for PBXNativeTarget "Strike" */ = {
			isa = XCConfigurationList;
			buildConfigurations = (
				027566721D8406F20058CA54 /* Debug */,
				027566731D8406F20058CA54 /* Release */,
			);
			defaultConfigurationIsVisible = 0;
			defaultConfigurationName = Release;
		};
		027566741D8406F20058CA54 /* Build configuration list for PBXNativeTarget "StrikeTests" */ = {
			isa = XCConfigurationList;
			buildConfigurations = (
				027566751D8406F20058CA54 /* Debug */,
				027566761D8406F20058CA54 /* Release */,
			);
			defaultConfigurationIsVisible = 0;
			defaultConfigurationName = Release;
		};
		027566771D8406F20058CA54 /* Build configuration list for PBXNativeTarget "StrikeUITests" */ = {
			isa = XCConfigurationList;
			buildConfigurations = (
				027566781D8406F20058CA54 /* Debug */,
				027566791D8406F20058CA54 /* Release */,
			);
			defaultConfigurationIsVisible = 0;
			defaultConfigurationName = Release;
		};
/* End XCConfigurationList section */
	};
	rootObject = 027566411D8406F20058CA54 /* Project object */;
}
